
Microsoft Visual Studio Solution File, Format Version 12.00
# Visual Studio 15
VisualStudioVersion = 15.0.26730.16
MinimumVisualStudioVersion = 10.0.40219.1
Project("{FAE04EC0-301F-11D3-BF4B-00C04F79EFBC}") = "rcall_info", "rcall_info\rcall_info.csproj", "{F6508E79-E148-474E-8E53-CBF119EC8361}"
EndProject
Global
	GlobalSection(SolutionConfigurationPlatforms) = preSolution
		Debug|Any CPU = Debug|Any CPU
		Release|Any CPU = Release|Any CPU
	EndGlobalSection
	GlobalSection(ProjectConfigurationPlatforms) = postSolution
		{F6508E79-E148-474E-8E53-CBF119EC8361}.Debug|Any CPU.ActiveCfg = Debug|Any CPU
		{F6508E79-E148-474E-8E53-CBF119EC8361}.Debug|Any CPU.Build.0 = Debug|Any CPU
		{F6508E79-E148-474E-8E53-CBF119EC8361}.Release|Any CPU.ActiveCfg = Release|Any CPU
		{F6508E79-E148-474E-8E53-CBF119EC8361}.Release|Any CPU.Build.0 = Release|Any CPU
	EndGlobalSection
	GlobalSection(SolutionProperties) = preSolution
		HideSolutionNode = FALSE
	EndGlobalSection
	GlobalSection(ExtensibilityGlobals) = postSolution
		SolutionGuid = {3ACC101D-A60F-4E7F-A7CE-E7B428FF9D53}
	EndGlobalSection
EndGlobal
